
Microsoft Visual Studio Solution File, Format Version 12.00
# Visual Studio Version 17
VisualStudioVersion = 17.8.34330.188
MinimumVisualStudioVersion = 10.0.40219.1
Project("{FAE04EC0-301F-11D3-BF4B-00C04F79EFBC}") = "Api.SalesOrder.API", "Api.SalesOrder.API.csproj", "{81C185F7-A404-435D-AF0B-6C0226DC71B4}"
EndProject
Project("{2150E333-8FDC-42A3-9474-1A3956D46DE8}") = "src", "src", "{F8441B81-EFCB-49E5-A2E3-081745078C30}"
EndProject
Project("{FAE04EC0-301F-11D3-BF4B-00C04F79EFBC}") = "Api.SalesOrder.Application", "..\Api.SalesOrder.Application\Api.SalesOrder.Application.csproj", "{00B045C9-2499-452B-92EC-604A7BFC0537}"
EndProject
Project("{FAE04EC0-301F-11D3-BF4B-00C04F79EFBC}") = "Api.SalesOrder.Domain", "..\Api.SalesOrder.Domain\Api.SalesOrder.Domain.csproj", "{4AAA702B-2EB1-4CA5-9709-8C624DB716B0}"
EndProject
Project("{FAE04EC0-301F-11D3-BF4B-00C04F79EFBC}") = "Api.SalesOrder.Infrastructure", "..\Api.SalesOrder.Infrastructure\Api.SalesOrder.Infrastructure.csproj", "{86ACB3F2-0412-4B46-A322-866E3D742037}"
EndProject
Project("{FAE04EC0-301F-11D3-BF4B-00C04F79EFBC}") = "Api.SalesOrder.SharedKernel", "..\Api.SalesOrder.SharedKernel\Api.SalesOrder.SharedKernel.csproj", "{05B7ED37-3199-421E-886D-16ED9C8768B0}"
EndProject
Global
	GlobalSection(SolutionConfigurationPlatforms) = preSolution
		Debug|Any CPU = Debug|Any CPU
		Release|Any CPU = Release|Any CPU
	EndGlobalSection
	GlobalSection(ProjectConfigurationPlatforms) = postSolution
		{81C185F7-A404-435D-AF0B-6C0226DC71B4}.Debug|Any CPU.ActiveCfg = Debug|Any CPU
		{81C185F7-A404-435D-AF0B-6C0226DC71B4}.Debug|Any CPU.Build.0 = Debug|Any CPU
		{81C185F7-A404-435D-AF0B-6C0226DC71B4}.Release|Any CPU.ActiveCfg = Release|Any CPU
		{81C185F7-A404-435D-AF0B-6C0226DC71B4}.Release|Any CPU.Build.0 = Release|Any CPU
		{00B045C9-2499-452B-92EC-604A7BFC0537}.Debug|Any CPU.ActiveCfg = Debug|Any CPU
		{00B045C9-2499-452B-92EC-604A7BFC0537}.Debug|Any CPU.Build.0 = Debug|Any CPU
		{00B045C9-2499-452B-92EC-604A7BFC0537}.Release|Any CPU.ActiveCfg = Release|Any CPU
		{00B045C9-2499-452B-92EC-604A7BFC0537}.Release|Any CPU.Build.0 = Release|Any CPU
		{4AAA702B-2EB1-4CA5-9709-8C624DB716B0}.Debug|Any CPU.ActiveCfg = Debug|Any CPU
		{4AAA702B-2EB1-4CA5-9709-8C624DB716B0}.Debug|Any CPU.Build.0 = Debug|Any CPU
		{4AAA702B-2EB1-4CA5-9709-8C624DB716B0}.Release|Any CPU.ActiveCfg = Release|Any CPU
		{4AAA702B-2EB1-4CA5-9709-8C624DB716B0}.Release|Any CPU.Build.0 = Release|Any CPU
		{86ACB3F2-0412-4B46-A322-866E3D742037}.Debug|Any CPU.ActiveCfg = Debug|Any CPU
		{86ACB3F2-0412-4B46-A322-866E3D742037}.Debug|Any CPU.Build.0 = Debug|Any CPU
		{86ACB3F2-0412-4B46-A322-866E3D742037}.Release|Any CPU.ActiveCfg = Release|Any CPU
		{86ACB3F2-0412-4B46-A322-866E3D742037}.Release|Any CPU.Build.0 = Release|Any CPU
		{05B7ED37-3199-421E-886D-16ED9C8768B0}.Debug|Any CPU.ActiveCfg = Debug|Any CPU
		{05B7ED37-3199-421E-886D-16ED9C8768B0}.Debug|Any CPU.Build.0 = Debug|Any CPU
		{05B7ED37-3199-421E-886D-16ED9C8768B0}.Release|Any CPU.ActiveCfg = Release|Any CPU
		{05B7ED37-3199-421E-886D-16ED9C8768B0}.Release|Any CPU.Build.0 = Release|Any CPU
	EndGlobalSection
	GlobalSection(SolutionProperties) = preSolution
		HideSolutionNode = FALSE
	EndGlobalSection
	GlobalSection(NestedProjects) = preSolution
		{81C185F7-A404-435D-AF0B-6C0226DC71B4} = {F8441B81-EFCB-49E5-A2E3-081745078C30}
		{00B045C9-2499-452B-92EC-604A7BFC0537} = {F8441B81-EFCB-49E5-A2E3-081745078C30}
		{4AAA702B-2EB1-4CA5-9709-8C624DB716B0} = {F8441B81-EFCB-49E5-A2E3-081745078C30}
		{86ACB3F2-0412-4B46-A322-866E3D742037} = {F8441B81-EFCB-49E5-A2E3-081745078C30}
		{05B7ED37-3199-421E-886D-16ED9C8768B0} = {F8441B81-EFCB-49E5-A2E3-081745078C30}
	EndGlobalSection
	GlobalSection(ExtensibilityGlobals) = postSolution
		SolutionGuid = {04EEF289-4AF4-4D63-BA7E-20EC95B5AA0D}
	EndGlobalSection
EndGlobal
